# THIS IS AN AUTOGENERATED FILE. DO NOT EDIT THIS FILE DIRECTLY.
# yarn lockfile v1


"@types/node@^18.11.0":
  version "18.11.18"
  resolved "https://registry.npmjs.org/@types/node/-/node-18.11.18.tgz"
  integrity sha512-DHQpWGjyQKSHj3ebjFI/wRKcqQcdR+MoFBygntYOZytCqNfkd2ZC4ARDJ2DQqhjH5p85Nnd3jhUJIXrszFX/JA==

"@types/vscode@^1.74.0":
  version "1.74.0"
  resolved "https://registry.yarnpkg.com/@types/vscode/-/vscode-1.74.0.tgz#4adc21b4e7f527b893de3418c21a91f1e503bdcd"
  integrity sha512-LyeCIU3jb9d38w0MXFwta9r0Jx23ugujkAxdwLTNCyspdZTKUc43t7ppPbCiPoQ/Ivd/pnDFZrb4hWd45wrsgA==

typescript@^4.9.0:
  version "4.9.4"
  resolved "https://registry.npmjs.org/typescript/-/typescript-4.9.4.tgz"
  integrity sha512-Uz+dTXYzxXXbsFpM86Wh3dKCxrQqUcVMxwU54orwlJjOpO3ao8L7j5lH+dWfTwgCwIuM9GQ2kvVotzYJMXTBZg==
